
Microsoft Visual Studio Solution File, Format Version 12.00
# Visual Studio Version 17
VisualStudioVersion = 17.0.31903.59
MinimumVisualStudioVersion = 10.0.40219.1
Project("{FAE04EC0-301F-11D3-BF4B-00C04F79EFBC}") = "RetroBuild", "RetroBuild\RetroBuild.csproj", "{52A4A93E-5156-42D4-AD7E-82BCA96FEE05}"
EndProject
Project("{FAE04EC0-301F-11D3-BF4B-00C04F79EFBC}") = "EmulatorLauncher.Core", "EmulatorLauncher.Core\EmulatorLauncher.Core.csproj", "{BD82A5AA-00AD-40BF-BAE6-EF29FA1FC7C2}"
EndProject
Global
	GlobalSection(SolutionConfigurationPlatforms) = preSolution
		Debug|Any CPU = Debug|Any CPU
		Release|Any CPU = Release|Any CPU
	EndGlobalSection
	GlobalSection(SolutionProperties) = preSolution
		HideSolutionNode = FALSE
	EndGlobalSection
	GlobalSection(ProjectConfigurationPlatforms) = postSolution
		{52A4A93E-5156-42D4-AD7E-82BCA96FEE05}.Debug|Any CPU.ActiveCfg = Debug|Any CPU
		{52A4A93E-5156-42D4-AD7E-82BCA96FEE05}.Debug|Any CPU.Build.0 = Debug|Any CPU
		{52A4A93E-5156-42D4-AD7E-82BCA96FEE05}.Release|Any CPU.ActiveCfg = Release|Any CPU
		{52A4A93E-5156-42D4-AD7E-82BCA96FEE05}.Release|Any CPU.Build.0 = Release|Any CPU
		{BD82A5AA-00AD-40BF-BAE6-EF29FA1FC7C2}.Debug|Any CPU.ActiveCfg = Debug|Any CPU
		{BD82A5AA-00AD-40BF-BAE6-EF29FA1FC7C2}.Debug|Any CPU.Build.0 = Debug|Any CPU
		{BD82A5AA-00AD-40BF-BAE6-EF29FA1FC7C2}.Release|Any CPU.ActiveCfg = Release|Any CPU
		{BD82A5AA-00AD-40BF-BAE6-EF29FA1FC7C2}.Release|Any CPU.Build.0 = Release|Any CPU
	EndGlobalSection
EndGlobal
